
Microsoft Visual Studio Solution File, Format Version 12.00
# Visual Studio Version 17
VisualStudioVersion = 17.4.33110.190
MinimumVisualStudioVersion = 10.0.40219.1
Project("{9A19103F-16F7-4668-BE54-9A1E7A4F7556}") = "Autoestrada", "Autoestrada\Autoestrada.csproj", "{F5751559-9EBE-46C9-9607-75D03223B134}"
EndProject
Project("{9A19103F-16F7-4668-BE54-9A1E7A4F7556}") = "Autoestrada.Application.Interface", "Autoestrada.Application\Autoestrada.Application.Interface.csproj", "{6DE721AC-8711-4CE8-8EFF-6B8F75BD51EE}"
EndProject
Project("{2150E333-8FDC-42A3-9474-1A3956D46DE8}") = "1 Service", "1 Service", "{4298992D-FF63-4F62-9B8F-35481FC02B9A}"
EndProject
Project("{2150E333-8FDC-42A3-9474-1A3956D46DE8}") = "2 Application", "2 Application", "{74CABC57-C709-4930-A3E8-A20160FD003A}"
EndProject
Project("{9A19103F-16F7-4668-BE54-9A1E7A4F7556}") = "Autoestrada.Application.Main", "Autoestrada.Application.Main\Autoestrada.Application.Main.csproj", "{68CE31E4-F984-4FE2-9AEE-2AE9AE8C16FE}"
EndProject
Project("{9A19103F-16F7-4668-BE54-9A1E7A4F7556}") = "Autoestrada.Application.Exceptions", "Autoestrada.Application.Exceptions\Autoestrada.Application.Exceptions.csproj", "{7C2B39A2-3DDB-4833-B922-3F97FA4C475D}"
EndProject
Project("{2150E333-8FDC-42A3-9474-1A3956D46DE8}") = "3 Domain", "3 Domain", "{715141A9-C4A0-49C5-B6BA-1111167DA32A}"
EndProject
Project("{9A19103F-16F7-4668-BE54-9A1E7A4F7556}") = "Autoestrada.Domain.Interface", "Autoestrada.Domain.Interface\Autoestrada.Domain.Interface.csproj", "{B73AAF03-F118-4E99-B632-77733D6DF349}"
EndProject
Project("{9A19103F-16F7-4668-BE54-9A1E7A4F7556}") = "Autoestrada.Domain.Core", "Autoestrada.Domain.Core\Autoestrada.Domain.Core.csproj", "{2F834D83-86EF-4757-9AC0-CC625E804999}"
EndProject
Project("{9A19103F-16F7-4668-BE54-9A1E7A4F7556}") = "Autoestrada.Domain.Entity", "Autoestrada.Domain.Entity\Autoestrada.Domain.Entity.csproj", "{0D024CB8-3F5E-4037-82AD-E130F878B80D}"
EndProject
Project("{2150E333-8FDC-42A3-9474-1A3956D46DE8}") = "4 Repository", "4 Repository", "{EA66B911-E2A3-47EE-ABB4-6EF125FC30ED}"
EndProject
Project("{2150E333-8FDC-42A3-9474-1A3956D46DE8}") = "5 Unit Test", "5 Unit Test", "{01A094A4-D4E2-4662-8C23-B1D743FBE067}"
EndProject
Project("{9A19103F-16F7-4668-BE54-9A1E7A4F7556}") = "Autoestrada.Repository.Interface", "Autoestrada.Repository.Interface\Autoestrada.Repository.Interface.csproj", "{A052ED2F-D13D-4F8E-851F-9112C6E49177}"
EndProject
Project("{9A19103F-16F7-4668-BE54-9A1E7A4F7556}") = "Autoestrada.Repository.Pattern", "Autoestrada.Repository.Pattern\Autoestrada.Repository.Pattern.csproj", "{9BCFEBEC-0F6E-40F8-9CA7-9E3D1517B65B}"
EndProject
Project("{9A19103F-16F7-4668-BE54-9A1E7A4F7556}") = "Autoestrada.Application.DTO", "Autoestrada.Application.DTO\Autoestrada.Application.DTO.csproj", "{FB07CA76-5761-49E8-9EE5-A86FFA20CBC0}"
EndProject
Project("{9A19103F-16F7-4668-BE54-9A1E7A4F7556}") = "Autoestrada.testing", "Autoestrada.testing\Autoestrada.testing.csproj", "{4B3F0DB7-1E9A-4C09-B383-B7A377762C61}"
EndProject
Global
	GlobalSection(SolutionConfigurationPlatforms) = preSolution
		Debug|Any CPU = Debug|Any CPU
		Release|Any CPU = Release|Any CPU
	EndGlobalSection
	GlobalSection(ProjectConfigurationPlatforms) = postSolution
		{F5751559-9EBE-46C9-9607-75D03223B134}.Debug|Any CPU.ActiveCfg = Debug|Any CPU
		{F5751559-9EBE-46C9-9607-75D03223B134}.Debug|Any CPU.Build.0 = Debug|Any CPU
		{F5751559-9EBE-46C9-9607-75D03223B134}.Release|Any CPU.ActiveCfg = Release|Any CPU
		{F5751559-9EBE-46C9-9607-75D03223B134}.Release|Any CPU.Build.0 = Release|Any CPU
		{6DE721AC-8711-4CE8-8EFF-6B8F75BD51EE}.Debug|Any CPU.ActiveCfg = Debug|Any CPU
		{6DE721AC-8711-4CE8-8EFF-6B8F75BD51EE}.Debug|Any CPU.Build.0 = Debug|Any CPU
		{6DE721AC-8711-4CE8-8EFF-6B8F75BD51EE}.Release|Any CPU.ActiveCfg = Release|Any CPU
		{6DE721AC-8711-4CE8-8EFF-6B8F75BD51EE}.Release|Any CPU.Build.0 = Release|Any CPU
		{68CE31E4-F984-4FE2-9AEE-2AE9AE8C16FE}.Debug|Any CPU.ActiveCfg = Debug|Any CPU
		{68CE31E4-F984-4FE2-9AEE-2AE9AE8C16FE}.Debug|Any CPU.Build.0 = Debug|Any CPU
		{68CE31E4-F984-4FE2-9AEE-2AE9AE8C16FE}.Release|Any CPU.ActiveCfg = Release|Any CPU
		{68CE31E4-F984-4FE2-9AEE-2AE9AE8C16FE}.Release|Any CPU.Build.0 = Release|Any CPU
		{7C2B39A2-3DDB-4833-B922-3F97FA4C475D}.Debug|Any CPU.ActiveCfg = Debug|Any CPU
		{7C2B39A2-3DDB-4833-B922-3F97FA4C475D}.Debug|Any CPU.Build.0 = Debug|Any CPU
		{7C2B39A2-3DDB-4833-B922-3F97FA4C475D}.Release|Any CPU.ActiveCfg = Release|Any CPU
		{7C2B39A2-3DDB-4833-B922-3F97FA4C475D}.Release|Any CPU.Build.0 = Release|Any CPU
		{B73AAF03-F118-4E99-B632-77733D6DF349}.Debug|Any CPU.ActiveCfg = Debug|Any CPU
		{B73AAF03-F118-4E99-B632-77733D6DF349}.Debug|Any CPU.Build.0 = Debug|Any CPU
		{B73AAF03-F118-4E99-B632-77733D6DF349}.Release|Any CPU.ActiveCfg = Release|Any CPU
		{B73AAF03-F118-4E99-B632-77733D6DF349}.Release|Any CPU.Build.0 = Release|Any CPU
		{2F834D83-86EF-4757-9AC0-CC625E804999}.Debug|Any CPU.ActiveCfg = Debug|Any CPU
		{2F834D83-86EF-4757-9AC0-CC625E804999}.Debug|Any CPU.Build.0 = Debug|Any CPU
		{2F834D83-86EF-4757-9AC0-CC625E804999}.Release|Any CPU.ActiveCfg = Release|Any CPU
		{2F834D83-86EF-4757-9AC0-CC625E804999}.Release|Any CPU.Build.0 = Release|Any CPU
		{0D024CB8-3F5E-4037-82AD-E130F878B80D}.Debug|Any CPU.ActiveCfg = Debug|Any CPU
		{0D024CB8-3F5E-4037-82AD-E130F878B80D}.Debug|Any CPU.Build.0 = Debug|Any CPU
		{0D024CB8-3F5E-4037-82AD-E130F878B80D}.Release|Any CPU.ActiveCfg = Release|Any CPU
		{0D024CB8-3F5E-4037-82AD-E130F878B80D}.Release|Any CPU.Build.0 = Release|Any CPU
		{A052ED2F-D13D-4F8E-851F-9112C6E49177}.Debug|Any CPU.ActiveCfg = Debug|Any CPU
		{A052ED2F-D13D-4F8E-851F-9112C6E49177}.Debug|Any CPU.Build.0 = Debug|Any CPU
		{A052ED2F-D13D-4F8E-851F-9112C6E49177}.Release|Any CPU.ActiveCfg = Release|Any CPU
		{A052ED2F-D13D-4F8E-851F-9112C6E49177}.Release|Any CPU.Build.0 = Release|Any CPU
		{9BCFEBEC-0F6E-40F8-9CA7-9E3D1517B65B}.Debug|Any CPU.ActiveCfg = Debug|Any CPU
		{9BCFEBEC-0F6E-40F8-9CA7-9E3D1517B65B}.Debug|Any CPU.Build.0 = Debug|Any CPU
		{9BCFEBEC-0F6E-40F8-9CA7-9E3D1517B65B}.Release|Any CPU.ActiveCfg = Release|Any CPU
		{9BCFEBEC-0F6E-40F8-9CA7-9E3D1517B65B}.Release|Any CPU.Build.0 = Release|Any CPU
		{FB07CA76-5761-49E8-9EE5-A86FFA20CBC0}.Debug|Any CPU.ActiveCfg = Debug|Any CPU
		{FB07CA76-5761-49E8-9EE5-A86FFA20CBC0}.Debug|Any CPU.Build.0 = Debug|Any CPU
		{FB07CA76-5761-49E8-9EE5-A86FFA20CBC0}.Release|Any CPU.ActiveCfg = Release|Any CPU
		{FB07CA76-5761-49E8-9EE5-A86FFA20CBC0}.Release|Any CPU.Build.0 = Release|Any CPU
		{4B3F0DB7-1E9A-4C09-B383-B7A377762C61}.Debug|Any CPU.ActiveCfg = Debug|Any CPU
		{4B3F0DB7-1E9A-4C09-B383-B7A377762C61}.Debug|Any CPU.Build.0 = Debug|Any CPU
		{4B3F0DB7-1E9A-4C09-B383-B7A377762C61}.Release|Any CPU.ActiveCfg = Release|Any CPU
		{4B3F0DB7-1E9A-4C09-B383-B7A377762C61}.Release|Any CPU.Build.0 = Release|Any CPU
	EndGlobalSection
	GlobalSection(SolutionProperties) = preSolution
		HideSolutionNode = FALSE
	EndGlobalSection
	GlobalSection(NestedProjects) = preSolution
		{F5751559-9EBE-46C9-9607-75D03223B134} = {4298992D-FF63-4F62-9B8F-35481FC02B9A}
		{6DE721AC-8711-4CE8-8EFF-6B8F75BD51EE} = {74CABC57-C709-4930-A3E8-A20160FD003A}
		{68CE31E4-F984-4FE2-9AEE-2AE9AE8C16FE} = {74CABC57-C709-4930-A3E8-A20160FD003A}
		{7C2B39A2-3DDB-4833-B922-3F97FA4C475D} = {74CABC57-C709-4930-A3E8-A20160FD003A}
		{B73AAF03-F118-4E99-B632-77733D6DF349} = {715141A9-C4A0-49C5-B6BA-1111167DA32A}
		{2F834D83-86EF-4757-9AC0-CC625E804999} = {715141A9-C4A0-49C5-B6BA-1111167DA32A}
		{0D024CB8-3F5E-4037-82AD-E130F878B80D} = {715141A9-C4A0-49C5-B6BA-1111167DA32A}
		{A052ED2F-D13D-4F8E-851F-9112C6E49177} = {EA66B911-E2A3-47EE-ABB4-6EF125FC30ED}
		{9BCFEBEC-0F6E-40F8-9CA7-9E3D1517B65B} = {EA66B911-E2A3-47EE-ABB4-6EF125FC30ED}
		{FB07CA76-5761-49E8-9EE5-A86FFA20CBC0} = {74CABC57-C709-4930-A3E8-A20160FD003A}
		{4B3F0DB7-1E9A-4C09-B383-B7A377762C61} = {01A094A4-D4E2-4662-8C23-B1D743FBE067}
	EndGlobalSection
	GlobalSection(ExtensibilityGlobals) = postSolution
		SolutionGuid = {9DE06247-0F68-4617-BC2F-30589A1919D2}
	EndGlobalSection
EndGlobal
